PODS:
  - Alamofire (5.6.2)
  - Differentiator (5.0.0)
  - Kingfisher (6.3.1)
  - ProgressHUD (2.70)
  - ReachabilitySwift (5.0.0)
  - RxCocoa (6.5.0):
    - RxRelay (= 6.5.0)
    - RxSwift (= 6.5.0)
  - RxDataSources (5.0.0):
    - Differentiator (~> 5.0)
    - RxCocoa (~> 6.0)
    - RxSwift (~> 6.0)
  - RxRelay (6.5.0):
    - RxSwift (= 6.5.0)
  - RxSwift (6.5.0)

DEPENDENCIES:
  - Alamofire
  - Kingfisher (~> 6.3.1)
  - ProgressHUD
  - ReachabilitySwift
  - RxCocoa
  - RxDataSources (~> 5.0)
  - RxSwift

SPEC REPOS:
  trunk:
    - Alamofire
    - Differentiator
    - Kingfisher
    - ProgressHUD
    - ReachabilitySwift
    - RxCocoa
    - RxDataSources
    - RxRelay
    - RxSwift

SPEC CHECKSUMS:
  Alamofire: d368e1ff8a298e6dde360e35a3e68e6c610e7204
  Differentiator: e8497ceab83c1b10ca233716d547b9af21b9344d
  Kingfisher: 016c8b653a35add51dd34a3aba36b580041acc74
  ProgressHUD: e603e8b8622c47d8818b9fb38b3cfe9d3e7ca421
  ReachabilitySwift: 985039c6f7b23a1da463388634119492ff86c825
  RxCocoa: 94f817b71c07517321eb4f9ad299112ca8af743b
  RxDataSources: aa47cc1ed6c500fa0dfecac5c979b723542d79cf
  RxRelay: 1de1523e604c72b6c68feadedd1af3b1b4d0ecbd
  RxSwift: 5710a9e6b17f3c3d6e40d6e559b9fa1e813b2ef8

PODFILE CHECKSUM: 02affa73ba4d9c1670b7231808359b57f0a00522

COCOAPODS: 1.11.3
