// !$*UTF8*$!
{
	archiveVersion = 1;
	classes = {
	};
	objectVersion = 55;
	objects = {

/* Begin PBXBuildFile section */
		48AB589E289C42490071443C /* NewsDetailsViewController.swift in Sources */ = {isa = PBXBuildFile; fileRef = 48AB589D289C42490071443C /* NewsDetailsViewController.swift */; };
		48AB58A0289C47C20071443C /* SearchViewController.swift in Sources */ = {isa = PBXBuildFile; fileRef = 48AB589F289C47C20071443C /* SearchViewController.swift */; };
		48AB58A3289C495D0071443C /* SearchNewsCell.swift in Sources */ = {isa = PBXBuildFile; fileRef = 48AB58A1289C495D0071443C /* SearchNewsCell.swift */; };
		48AB58A4289C495D0071443C /* SearchNewsCell.xib in Resources */ = {isa = PBXBuildFile; fileRef = 48AB58A2289C495D0071443C /* SearchNewsCell.xib */; };
		48B4040C289B830F008E06C9 /* AppDelegate.swift in Sources */ = {isa = PBXBuildFile; fileRef = 48B4040B289B830F008E06C9 /* AppDelegate.swift */; };
		48B4040E289B830F008E06C9 /* SceneDelegate.swift in Sources */ = {isa = PBXBuildFile; fileRef = 48B4040D289B830F008E06C9 /* SceneDelegate.swift */; };
		48B40410289B830F008E06C9 /* NewsViewController.swift in Sources */ = {isa = PBXBuildFile; fileRef = 48B4040F289B830F008E06C9 /* NewsViewController.swift */; };
		48B40413289B830F008E06C9 /* Main.storyboard in Resources */ = {isa = PBXBuildFile; fileRef = 48B40411289B830F008E06C9 /* Main.storyboard */; };
		48B40415289B8310008E06C9 /* Assets.xcassets in Resources */ = {isa = PBXBuildFile; fileRef = 48B40414289B8310008E06C9 /* Assets.xcassets */; };
		48B40418289B8310008E06C9 /* LaunchScreen.storyboard in Resources */ = {isa = PBXBuildFile; fileRef = 48B40416289B8310008E06C9 /* LaunchScreen.storyboard */; };
		48B40421289B8399008E06C9 /* Realm in Frameworks */ = {isa = PBXBuildFile; productRef = 48B40420289B8399008E06C9 /* Realm */; };
		48B40423289B8399008E06C9 /* RealmSwift in Frameworks */ = {isa = PBXBuildFile; productRef = 48B40422289B8399008E06C9 /* RealmSwift */; };
		48B4042F289B84AF008E06C9 /* UIHelper.swift in Sources */ = {isa = PBXBuildFile; fileRef = 48B4042E289B84AF008E06C9 /* UIHelper.swift */; };
		48B40432289B84DB008E06C9 /* NetworkManager.swift in Sources */ = {isa = PBXBuildFile; fileRef = 48B40431289B84DB008E06C9 /* NetworkManager.swift */; };
		48B40436289B8C74008E06C9 /* NewsBannerCell.swift in Sources */ = {isa = PBXBuildFile; fileRef = 48B40434289B8C73008E06C9 /* NewsBannerCell.swift */; };
		48B40437289B8C74008E06C9 /* NewsBannerCell.xib in Resources */ = {isa = PBXBuildFile; fileRef = 48B40435289B8C74008E06C9 /* NewsBannerCell.xib */; };
		48B4043A289B907C008E06C9 /* LatestNewsCell.swift in Sources */ = {isa = PBXBuildFile; fileRef = 48B40438289B907C008E06C9 /* LatestNewsCell.swift */; };
		48B4043B289B907C008E06C9 /* LatestNewsCell.xib in Resources */ = {isa = PBXBuildFile; fileRef = 48B40439289B907C008E06C9 /* LatestNewsCell.xib */; };
		48EBF559289C525C008FAA35 /* BookmarkNewsCell.swift in Sources */ = {isa = PBXBuildFile; fileRef = 48EBF557289C525C008FAA35 /* BookmarkNewsCell.swift */; };
		48EBF55A289C525C008FAA35 /* BookmarkNewsCell.xib in Resources */ = {isa = PBXBuildFile; fileRef = 48EBF558289C525C008FAA35 /* BookmarkNewsCell.xib */; };
		48EBF55C289C52F4008FAA35 /* BookmarkNewsViewController.swift in Sources */ = {isa = PBXBuildFile; fileRef = 48EBF55B289C52F4008FAA35 /* BookmarkNewsViewController.swift */; };
		C5ECB20749EE397422CCC92F /* Pods_NewsApp.framework in Frameworks */ = {isa = PBXBuildFile; fileRef = A00389A4ACA242C5A89C1237 /* Pods_NewsApp.framework */; };
/* End PBXBuildFile section */

/* Begin PBXFileReference section */
		48AB589D289C42490071443C /* NewsDetailsViewController.swift */ = {isa = PBXFileReference; lastKnownFileType = sourcecode.swift; path = NewsDetailsViewController.swift; sourceTree = "<group>"; };
		48AB589F289C47C20071443C /* SearchViewController.swift */ = {isa = PBXFileReference; lastKnownFileType = sourcecode.swift; path = SearchViewController.swift; sourceTree = "<group>"; };
		48AB58A1289C495D0071443C /* SearchNewsCell.swift */ = {isa = PBXFileReference; lastKnownFileType = sourcecode.swift; path = SearchNewsCell.swift; sourceTree = "<group>"; };
		48AB58A2289C495D0071443C /* SearchNewsCell.xib */ = {isa = PBXFileReference; lastKnownFileType = file.xib; path = SearchNewsCell.xib; sourceTree = "<group>"; };
		48B40408289B830F008E06C9 /* NewsApp.app */ = {isa = PBXFileReference; explicitFileType = wrapper.application; includeInIndex = 0; path = NewsApp.app; sourceTree = BUILT_PRODUCTS_DIR; };
		48B4040B289B830F008E06C9 /* AppDelegate.swift */ = {isa = PBXFileReference; lastKnownFileType = sourcecode.swift; path = AppDelegate.swift; sourceTree = "<group>"; };
		48B4040D289B830F008E06C9 /* SceneDelegate.swift */ = {isa = PBXFileReference; lastKnownFileType = sourcecode.swift; path = SceneDelegate.swift; sourceTree = "<group>"; };
		48B4040F289B830F008E06C9 /* NewsViewController.swift */ = {isa = PBXFileReference; lastKnownFileType = sourcecode.swift; path = NewsViewController.swift; sourceTree = "<group>"; };
		48B40412289B830F008E06C9 /* Base */ = {isa = PBXFileReference; lastKnownFileType = file.storyboard; name = Base; path = Base.lproj/Main.storyboard; sourceTree = "<group>"; };
		48B40414289B8310008E06C9 /* Assets.xcassets */ = {isa = PBXFileReference; lastKnownFileType = folder.assetcatalog; path = Assets.xcassets; sourceTree = "<group>"; };
		48B40417289B8310008E06C9 /* Base */ = {isa = PBXFileReference; lastKnownFileType = file.storyboard; name = Base; path = Base.lproj/LaunchScreen.storyboard; sourceTree = "<group>"; };
		48B40419289B8310008E06C9 /* Info.plist */ = {isa = PBXFileReference; lastKnownFileType = text.plist.xml; path = Info.plist; sourceTree = "<group>"; };
		48B4042E289B84AF008E06C9 /* UIHelper.swift */ = {isa = PBXFileReference; lastKnownFileType = sourcecode.swift; path = UIHelper.swift; sourceTree = "<group>"; };
		48B40431289B84DB008E06C9 /* NetworkManager.swift */ = {isa = PBXFileReference; lastKnownFileType = sourcecode.swift; path = NetworkManager.swift; sourceTree = "<group>"; };
		48B40434289B8C73008E06C9 /* NewsBannerCell.swift */ = {isa = PBXFileReference; lastKnownFileType = sourcecode.swift; path = NewsBannerCell.swift; sourceTree = "<group>"; };
		48B40435289B8C74008E06C9 /* NewsBannerCell.xib */ = {isa = PBXFileReference; lastKnownFileType = file.xib; path = NewsBannerCell.xib; sourceTree = "<group>"; };
		48B40438289B907C008E06C9 /* LatestNewsCell.swift */ = {isa = PBXFileReference; lastKnownFileType = sourcecode.swift; path = LatestNewsCell.swift; sourceTree = "<group>"; };
		48B40439289B907C008E06C9 /* LatestNewsCell.xib */ = {isa = PBXFileReference; lastKnownFileType = file.xib; path = LatestNewsCell.xib; sourceTree = "<group>"; };
		48EBF557289C525C008FAA35 /* BookmarkNewsCell.swift */ = {isa = PBXFileReference; lastKnownFileType = sourcecode.swift; path = BookmarkNewsCell.swift; sourceTree = "<group>"; };
		48EBF558289C525C008FAA35 /* BookmarkNewsCell.xib */ = {isa = PBXFileReference; lastKnownFileType = file.xib; path = BookmarkNewsCell.xib; sourceTree = "<group>"; };
		48EBF55B289C52F4008FAA35 /* BookmarkNewsViewController.swift */ = {isa = PBXFileReference; lastKnownFileType = sourcecode.swift; path = BookmarkNewsViewController.swift; sourceTree = "<group>"; };
		5504EA0DD43BC3EE324049BA /* Pods-NewsApp.release.xcconfig */ = {isa = PBXFileReference; includeInIndex = 1; lastKnownFileType = text.xcconfig; name = "Pods-NewsApp.release.xcconfig"; path = "Target Support Files/Pods-NewsApp/Pods-NewsApp.release.xcconfig"; sourceTree = "<group>"; };
		A00389A4ACA242C5A89C1237 /* Pods_NewsApp.framework */ = {isa = PBXFileReference; explicitFileType = wrapper.framework; includeInIndex = 0; path = Pods_NewsApp.framework; sourceTree = BUILT_PRODUCTS_DIR; };
		DF0B07819A36E3CD08D3F49E /* Pods-NewsApp.debug.xcconfig */ = {isa = PBXFileReference; includeInIndex = 1; lastKnownFileType = text.xcconfig; name = "Pods-NewsApp.debug.xcconfig"; path = "Target Support Files/Pods-NewsApp/Pods-NewsApp.debug.xcconfig"; sourceTree = "<group>"; };
/* End PBXFileReference section */

/* Begin PBXFrameworksBuildPhase section */
		48B40405289B830F008E06C9 /* Frameworks */ = {
			isa = PBXFrameworksBuildPhase;
			buildActionMask = 2147483647;
			files = (
				48B40423289B8399008E06C9 /* RealmSwift in Frameworks */,
				48B40421289B8399008E06C9 /* Realm in Frameworks */,
				C5ECB20749EE397422CCC92F /* Pods_NewsApp.framework in Frameworks */,
			);
			runOnlyForDeploymentPostprocessing = 0;
		};
/* End PBXFrameworksBuildPhase section */

/* Begin PBXGroup section */
		1FB0779BE09DA596D50DB082 /* Pods */ = {
			isa = PBXGroup;
			children = (
				DF0B07819A36E3CD08D3F49E /* Pods-NewsApp.debug.xcconfig */,
				5504EA0DD43BC3EE324049BA /* Pods-NewsApp.release.xcconfig */,
			);
			path = Pods;
			sourceTree = "<group>";
		};
		29F5C390AD8D748350832968 /* Frameworks */ = {
			isa = PBXGroup;
			children = (
				A00389A4ACA242C5A89C1237 /* Pods_NewsApp.framework */,
			);
			name = Frameworks;
			sourceTree = "<group>";
		};
		48B403FF289B830F008E06C9 = {
			isa = PBXGroup;
			children = (
				48B4040A289B830F008E06C9 /* NewsApp */,
				48B40409289B830F008E06C9 /* Products */,
				1FB0779BE09DA596D50DB082 /* Pods */,
				29F5C390AD8D748350832968 /* Frameworks */,
			);
			sourceTree = "<group>";
		};
		48B40409289B830F008E06C9 /* Products */ = {
			isa = PBXGroup;
			children = (
				48B40408289B830F008E06C9 /* NewsApp.app */,
			);
			name = Products;
			sourceTree = "<group>";
		};
		48B4040A289B830F008E06C9 /* NewsApp */ = {
			isa = PBXGroup;
			children = (
				48B4042A289B845C008E06C9 /* Support */,
				48B40429289B8451008E06C9 /* Extension */,
				48B40428289B8447008E06C9 /* Utilities */,
				48B40427289B843F008E06C9 /* Managers */,
				48B40426289B8439008E06C9 /* Model */,
				48B40425289B842D008E06C9 /* View */,
				48B40424289B8424008E06C9 /* ViewModel */,
				48B40419289B8310008E06C9 /* Info.plist */,
			);
			path = NewsApp;
			sourceTree = "<group>";
		};
		48B40424289B8424008E06C9 /* ViewModel */ = {
			isa = PBXGroup;
			children = (
			);
			path = ViewModel;
			sourceTree = "<group>";
		};
		48B40425289B842D008E06C9 /* View */ = {
			isa = PBXGroup;
			children = (
				48B4042D289B8488008E06C9 /* ViewControllers */,
				48B4042C289B847F008E06C9 /* Storyboards */,
				48B4042B289B8479008E06C9 /* Cells */,
			);
			path = View;
			sourceTree = "<group>";
		};
		48B40426289B8439008E06C9 /* Model */ = {
			isa = PBXGroup;
			children = (
			);
			path = Model;
			sourceTree = "<group>";
		};
		48B40427289B843F008E06C9 /* Managers */ = {
			isa = PBXGroup;
			children = (
				48B40430289B84C6008E06C9 /* NetworkManager */,
			);
			path = Managers;
			sourceTree = "<group>";
		};
		48B40428289B8447008E06C9 /* Utilities */ = {
			isa = PBXGroup;
			children = (
				48B4042E289B84AF008E06C9 /* UIHelper.swift */,
			);
			path = Utilities;
			sourceTree = "<group>";
		};
		48B40429289B8451008E06C9 /* Extension */ = {
			isa = PBXGroup;
			children = (
			);
			path = Extension;
			sourceTree = "<group>";
		};
		48B4042A289B845C008E06C9 /* Support */ = {
			isa = PBXGroup;
			children = (
				48B4040D289B830F008E06C9 /* SceneDelegate.swift */,
				48B40414289B8310008E06C9 /* Assets.xcassets */,
				48B4040B289B830F008E06C9 /* AppDelegate.swift */,
			);
			path = Support;
			sourceTree = "<group>";
		};
		48B4042B289B8479008E06C9 /* Cells */ = {
			isa = PBXGroup;
			children = (
				48B40434289B8C73008E06C9 /* NewsBannerCell.swift */,
				48B40435289B8C74008E06C9 /* NewsBannerCell.xib */,
				48B40438289B907C008E06C9 /* LatestNewsCell.swift */,
				48B40439289B907C008E06C9 /* LatestNewsCell.xib */,
				48AB58A1289C495D0071443C /* SearchNewsCell.swift */,
				48AB58A2289C495D0071443C /* SearchNewsCell.xib */,
				48EBF557289C525C008FAA35 /* BookmarkNewsCell.swift */,
				48EBF558289C525C008FAA35 /* BookmarkNewsCell.xib */,
			);
			path = Cells;
			sourceTree = "<group>";
		};
		48B4042C289B847F008E06C9 /* Storyboards */ = {
			isa = PBXGroup;
			children = (
				48B40411289B830F008E06C9 /* Main.storyboard */,
				48B40416289B8310008E06C9 /* LaunchScreen.storyboard */,
			);
			path = Storyboards;
			sourceTree = "<group>";
		};
		48B4042D289B8488008E06C9 /* ViewControllers */ = {
			isa = PBXGroup;
			children = (
				48B4040F289B830F008E06C9 /* NewsViewController.swift */,
				48AB589D289C42490071443C /* NewsDetailsViewController.swift */,
				48AB589F289C47C20071443C /* SearchViewController.swift */,
				48EBF55B289C52F4008FAA35 /* BookmarkNewsViewController.swift */,
			);
			path = ViewControllers;
			sourceTree = "<group>";
		};
		48B40430289B84C6008E06C9 /* NetworkManager */ = {
			isa = PBXGroup;
			children = (
				48B40431289B84DB008E06C9 /* NetworkManager.swift */,
			);
			path = NetworkManager;
			sourceTree = "<group>";
		};
/* End PBXGroup section */

/* Begin PBXNativeTarget section */
		48B40407289B830F008E06C9 /* NewsApp */ = {
			isa = PBXNativeTarget;
			buildConfigurationList = 48B4041C289B8310008E06C9 /* Build configuration list for PBXNativeTarget "NewsApp" */;
			buildPhases = (
				96BEB671994F2A2970E7DFD2 /* [CP] Check Pods Manifest.lock */,
				48B40404289B830F008E06C9 /* Sources */,
				48B40405289B830F008E06C9 /* Frameworks */,
				48B40406289B830F008E06C9 /* Resources */,
				CD4CAB781AA89806F0BB0B2F /* [CP] Embed Pods Frameworks */,
			);
			buildRules = (
			);
			dependencies = (
			);
			name = NewsApp;
			packageProductDependencies = (
				48B40420289B8399008E06C9 /* Realm */,
				48B40422289B8399008E06C9 /* RealmSwift */,
			);
			productName = NewsApp;
			productReference = 48B40408289B830F008E06C9 /* NewsApp.app */;
			productType = "com.apple.product-type.application";
		};
/* End PBXNativeTarget section */

/* Begin PBXProject section */
		48B40400289B830F008E06C9 /* Project object */ = {
			isa = PBXProject;
			attributes = {
				BuildIndependentTargetsInParallel = 1;
				LastSwiftUpdateCheck = 1320;
				LastUpgradeCheck = 1320;
				TargetAttributes = {
					48B40407289B830F008E06C9 = {
						CreatedOnToolsVersion = 13.2;
					};
				};
			};
			buildConfigurationList = 48B40403289B830F008E06C9 /* Build configuration list for PBXProject "NewsApp" */;
			compatibilityVersion = "Xcode 13.0";
			developmentRegion = en;
			hasScannedForEncodings = 0;
			knownRegions = (
				en,
				Base,
			);
			mainGroup = 48B403FF289B830F008E06C9;
			packageReferences = (
				48B4041F289B8399008E06C9 /* XCRemoteSwiftPackageReference "realm-swift" */,
			);
			productRefGroup = 48B40409289B830F008E06C9 /* Products */;
			projectDirPath = "";
			projectRoot = "";
			targets = (
				48B40407289B830F008E06C9 /* NewsApp */,
			);
		};
/* End PBXProject section */

/* Begin PBXResourcesBuildPhase section */
		48B40406289B830F008E06C9 /* Resources */ = {
			isa = PBXResourcesBuildPhase;
			buildActionMask = 2147483647;
			files = (
				48AB58A4289C495D0071443C /* SearchNewsCell.xib in Resources */,
				48B4043B289B907C008E06C9 /* LatestNewsCell.xib in Resources */,
				48B40418289B8310008E06C9 /* LaunchScreen.storyboard in Resources */,
				48EBF55A289C525C008FAA35 /* BookmarkNewsCell.xib in Resources */,
				48B40415289B8310008E06C9 /* Assets.xcassets in Resources */,
				48B40437289B8C74008E06C9 /* NewsBannerCell.xib in Resources */,
				48B40413289B830F008E06C9 /* Main.storyboard in Resources */,
			);
			runOnlyForDeploymentPostprocessing = 0;
		};
/* End PBXResourcesBuildPhase section */

/* Begin PBXShellScriptBuildPhase section */
		96BEB671994F2A2970E7DFD2 /* [CP] Check Pods Manifest.lock */ = {
			isa = PBXShellScriptBuildPhase;
			buildActionMask = 2147483647;
			files = (
			);
			inputFileListPaths = (
			);
			inputPaths = (
				"${PODS_PODFILE_DIR_PATH}/Podfile.lock",
				"${PODS_ROOT}/Manifest.lock",
			);
			name = "[CP] Check Pods Manifest.lock";
			outputFileListPaths = (
			);
			outputPaths = (
				"$(DERIVED_FILE_DIR)/Pods-NewsApp-checkManifestLockResult.txt",
			);
			runOnlyForDeploymentPostprocessing = 0;
			shellPath = /bin/sh;
			shellScript = "diff \"${PODS_PODFILE_DIR_PATH}/Podfile.lock\" \"${PODS_ROOT}/Manifest.lock\" > /dev/null\nif [ $? != 0 ] ; then\n    # print error to STDERR\n    echo \"error: The sandbox is not in sync with the Podfile.lock. Run 'pod install' or update your CocoaPods installation.\" >&2\n    exit 1\nfi\n# This output is used by Xcode 'outputs' to avoid re-running this script phase.\necho \"SUCCESS\" > \"${SCRIPT_OUTPUT_FILE_0}\"\n";
			showEnvVarsInLog = 0;
		};
		CD4CAB781AA89806F0BB0B2F /* [CP] Embed Pods Frameworks */ = {
			isa = PBXShellScriptBuildPhase;
			buildActionMask = 2147483647;
			files = (
			);
			inputFileListPaths = (
				"${PODS_ROOT}/Target Support Files/Pods-NewsApp/Pods-NewsApp-frameworks-${CONFIGURATION}-input-files.xcfilelist",
			);
			name = "[CP] Embed Pods Frameworks";
			outputFileListPaths = (
				"${PODS_ROOT}/Target Support Files/Pods-NewsApp/Pods-NewsApp-frameworks-${CONFIGURATION}-output-files.xcfilelist",
			);
			runOnlyForDeploymentPostprocessing = 0;
			shellPath = /bin/sh;
			shellScript = "\"${PODS_ROOT}/Target Support Files/Pods-NewsApp/Pods-NewsApp-frameworks.sh\"\n";
			showEnvVarsInLog = 0;
		};
/* End PBXShellScriptBuildPhase section */

/* Begin PBXSourcesBuildPhase section */
		48B40404289B830F008E06C9 /* Sources */ = {
			isa = PBXSourcesBuildPhase;
			buildActionMask = 2147483647;
			files = (
				48AB58A3289C495D0071443C /* SearchNewsCell.swift in Sources */,
				48B40436289B8C74008E06C9 /* NewsBannerCell.swift in Sources */,
				48B40410289B830F008E06C9 /* NewsViewController.swift in Sources */,
				48B4040C289B830F008E06C9 /* AppDelegate.swift in Sources */,
				48AB58A0289C47C20071443C /* SearchViewController.swift in Sources */,
				48B4043A289B907C008E06C9 /* LatestNewsCell.swift in Sources */,
				48AB589E289C42490071443C /* NewsDetailsViewController.swift in Sources */,
				48B40432289B84DB008E06C9 /* NetworkManager.swift in Sources */,
				48B4040E289B830F008E06C9 /* SceneDelegate.swift in Sources */,
				48EBF559289C525C008FAA35 /* BookmarkNewsCell.swift in Sources */,
				48EBF55C289C52F4008FAA35 /* BookmarkNewsViewController.swift in Sources */,
				48B4042F289B84AF008E06C9 /* UIHelper.swift in Sources */,
			);
			runOnlyForDeploymentPostprocessing = 0;
		};
/* End PBXSourcesBuildPhase section */

/* Begin PBXVariantGroup section */
		48B40411289B830F008E06C9 /* Main.storyboard */ = {
			isa = PBXVariantGroup;
			children = (
				48B40412289B830F008E06C9 /* Base */,
			);
			name = Main.storyboard;
			sourceTree = "<group>";
		};
		48B40416289B8310008E06C9 /* LaunchScreen.storyboard */ = {
			isa = PBXVariantGroup;
			children = (
				48B40417289B8310008E06C9 /* Base */,
			);
			name = LaunchScreen.storyboard;
			sourceTree = "<group>";
		};
/* End PBXVariantGroup section */

/* Begin XCBuildConfiguration section */
		48B4041A289B8310008E06C9 /* Debug */ = {
			isa = XCBuildConfiguration;
			buildSettings = {
				ALWAYS_SEARCH_USER_PATHS = NO;
				CLANG_ANALYZER_NONNULL = YES;
				CLANG_ANALYZER_NUMBER_OBJECT_CONVERSION = YES_AGGRESSIVE;
				CLANG_CXX_LANGUAGE_STANDARD = "gnu++17";
				CLANG_CXX_LIBRARY = "libc++";
				CLANG_ENABLE_MODULES = YES;
				CLANG_ENABLE_OBJC_ARC = YES;
				CLANG_ENABLE_OBJC_WEAK = YES;
				CLANG_WARN_BLOCK_CAPTURE_AUTORELEASING = YES;
				CLANG_WARN_BOOL_CONVERSION = YES;
				CLANG_WARN_COMMA = YES;
				CLANG_WARN_CONSTANT_CONVERSION = YES;
				CLANG_WARN_DEPRECATED_OBJC_IMPLEMENTATIONS = YES;
				CLANG_WARN_DIRECT_OBJC_ISA_USAGE = YES_ERROR;
				CLANG_WARN_DOCUMENTATION_COMMENTS = YES;
				CLANG_WARN_EMPTY_BODY = YES;
				CLANG_WARN_ENUM_CONVERSION = YES;
				CLANG_WARN_INFINITE_RECURSION = YES;
				CLANG_WARN_INT_CONVERSION = YES;
				CLANG_WARN_NON_LITERAL_NULL_CONVERSION = YES;
				CLANG_WARN_OBJC_IMPLICIT_RETAIN_SELF = YES;
				CLANG_WARN_OBJC_LITERAL_CONVERSION = YES;
				CLANG_WARN_OBJC_ROOT_CLASS = YES_ERROR;
				CLANG_WARN_QUOTED_INCLUDE_IN_FRAMEWORK_HEADER = YES;
				CLANG_WARN_RANGE_LOOP_ANALYSIS = YES;
				CLANG_WARN_STRICT_PROTOTYPES = YES;
				CLANG_WARN_SUSPICIOUS_MOVE = YES;
				CLANG_WARN_UNGUARDED_AVAILABILITY = YES_AGGRESSIVE;
				CLANG_WARN_UNREACHABLE_CODE = YES;
				CLANG_WARN__DUPLICATE_METHOD_MATCH = YES;
				COPY_PHASE_STRIP = NO;
				DEBUG_INFORMATION_FORMAT = dwarf;
				ENABLE_STRICT_OBJC_MSGSEND = YES;
				ENABLE_TESTABILITY = YES;
				GCC_C_LANGUAGE_STANDARD = gnu11;
				GCC_DYNAMIC_NO_PIC = NO;
				GCC_NO_COMMON_BLOCKS = YES;
				GCC_OPTIMIZATION_LEVEL = 0;
				GCC_PREPROCESSOR_DEFINITIONS = (
					"DEBUG=1",
					"$(inherited)",
				);
				GCC_WARN_64_TO_32_BIT_CONVERSION = YES;
				GCC_WARN_ABOUT_RETURN_TYPE = YES_ERROR;
				GCC_WARN_UNDECLARED_SELECTOR = YES;
				GCC_WARN_UNINITIALIZED_AUTOS = YES_AGGRESSIVE;
				GCC_WARN_UNUSED_FUNCTION = YES;
				GCC_WARN_UNUSED_VARIABLE = YES;
				IPHONEOS_DEPLOYMENT_TARGET = 15.2;
				MTL_ENABLE_DEBUG_INFO = INCLUDE_SOURCE;
				MTL_FAST_MATH = YES;
				ONLY_ACTIVE_ARCH = YES;
				SDKROOT = iphoneos;
				SWIFT_ACTIVE_COMPILATION_CONDITIONS = DEBUG;
				SWIFT_OPTIMIZATION_LEVEL = "-Onone";
			};
			name = Debug;
		};
		48B4041B289B8310008E06C9 /* Release */ = {
			isa = XCBuildConfiguration;
			buildSettings = {
				ALWAYS_SEARCH_USER_PATHS = NO;
				CLANG_ANALYZER_NONNULL = YES;
				CLANG_ANALYZER_NUMBER_OBJECT_CONVERSION = YES_AGGRESSIVE;
				CLANG_CXX_LANGUAGE_STANDARD = "gnu++17";
				CLANG_CXX_LIBRARY = "libc++";
				CLANG_ENABLE_MODULES = YES;
				CLANG_ENABLE_OBJC_ARC = YES;
				CLANG_ENABLE_OBJC_WEAK = YES;
				CLANG_WARN_BLOCK_CAPTURE_AUTORELEASING = YES;
				CLANG_WARN_BOOL_CONVERSION = YES;
				CLANG_WARN_COMMA = YES;
				CLANG_WARN_CONSTANT_CONVERSION = YES;
				CLANG_WARN_DEPRECATED_OBJC_IMPLEMENTATIONS = YES;
				CLANG_WARN_DIRECT_OBJC_ISA_USAGE = YES_ERROR;
				CLANG_WARN_DOCUMENTATION_COMMENTS = YES;
				CLANG_WARN_EMPTY_BODY = YES;
				CLANG_WARN_ENUM_CONVERSION = YES;
				CLANG_WARN_INFINITE_RECURSION = YES;
				CLANG_WARN_INT_CONVERSION = YES;
				CLANG_WARN_NON_LITERAL_NULL_CONVERSION = YES;
				CLANG_WARN_OBJC_IMPLICIT_RETAIN_SELF = YES;
				CLANG_WARN_OBJC_LITERAL_CONVERSION = YES;
				CLANG_WARN_OBJC_ROOT_CLASS = YES_ERROR;
				CLANG_WARN_QUOTED_INCLUDE_IN_FRAMEWORK_HEADER = YES;
				CLANG_WARN_RANGE_LOOP_ANALYSIS = YES;
				CLANG_WARN_STRICT_PROTOTYPES = YES;
				CLANG_WARN_SUSPICIOUS_MOVE = YES;
				CLANG_WARN_UNGUARDED_AVAILABILITY = YES_AGGRESSIVE;
				CLANG_WARN_UNREACHABLE_CODE = YES;
				CLANG_WARN__DUPLICATE_METHOD_MATCH = YES;
				COPY_PHASE_STRIP = NO;
				DEBUG_INFORMATION_FORMAT = "dwarf-with-dsym";
				ENABLE_NS_ASSERTIONS = NO;
				ENABLE_STRICT_OBJC_MSGSEND = YES;
				GCC_C_LANGUAGE_STANDARD = gnu11;
				GCC_NO_COMMON_BLOCKS = YES;
				GCC_WARN_64_TO_32_BIT_CONVERSION = YES;
				GCC_WARN_ABOUT_RETURN_TYPE = YES_ERROR;
				GCC_WARN_UNDECLARED_SELECTOR = YES;
				GCC_WARN_UNINITIALIZED_AUTOS = YES_AGGRESSIVE;
				GCC_WARN_UNUSED_FUNCTION = YES;
				GCC_WARN_UNUSED_VARIABLE = YES;
				IPHONEOS_DEPLOYMENT_TARGET = 15.2;
				MTL_ENABLE_DEBUG_INFO = NO;
				MTL_FAST_MATH = YES;
				SDKROOT = iphoneos;
				SWIFT_COMPILATION_MODE = wholemodule;
				SWIFT_OPTIMIZATION_LEVEL = "-O";
				VALIDATE_PRODUCT = YES;
			};
			name = Release;
		};
		48B4041D289B8310008E06C9 /* Debug */ = {
			isa = XCBuildConfiguration;
			baseConfigurationReference = DF0B07819A36E3CD08D3F49E /* Pods-NewsApp.debug.xcconfig */;
			buildSettings = {
				ASSETCATALOG_COMPILER_APPICON_NAME = AppIcon;
				ASSETCATALOG_COMPILER_GLOBAL_ACCENT_COLOR_NAME = AccentColor;
				CODE_SIGN_STYLE = Automatic;
				CURRENT_PROJECT_VERSION = 1;
				GENERATE_INFOPLIST_FILE = YES;
				INFOPLIST_FILE = NewsApp/Info.plist;
				INFOPLIST_KEY_UIApplicationSupportsIndirectInputEvents = YES;
				INFOPLIST_KEY_UILaunchStoryboardName = LaunchScreen;
				INFOPLIST_KEY_UIMainStoryboardFile = Main;
				INFOPLIST_KEY_UISupportedInterfaceOrientations_iPad = "UIInterfaceOrientationPortrait UIInterfaceOrientationPortraitUpsideDown UIInterfaceOrientationLandscapeLeft UIInterfaceOrientationLandscapeRight";
				INFOPLIST_KEY_UISupportedInterfaceOrientations_iPhone = "UIInterfaceOrientationPortrait UIInterfaceOrientationLandscapeLeft UIInterfaceOrientationLandscapeRight";
				LD_RUNPATH_SEARCH_PATHS = (
					"$(inherited)",
					"@executable_path/Frameworks",
				);
				MARKETING_VERSION = 1.0;
				PRODUCT_BUNDLE_IDENTIFIER = mahmoudYousef.NewsApp;
				PRODUCT_NAME = "$(TARGET_NAME)";
				SWIFT_EMIT_LOC_STRINGS = YES;
				SWIFT_VERSION = 5.0;
				TARGETED_DEVICE_FAMILY = "1,2";
			};
			name = Debug;
		};
		48B4041E289B8310008E06C9 /* Release */ = {
			isa = XCBuildConfiguration;
			baseConfigurationReference = 5504EA0DD43BC3EE324049BA /* Pods-NewsApp.release.xcconfig */;
			buildSettings = {
				ASSETCATALOG_COMPILER_APPICON_NAME = AppIcon;
				ASSETCATALOG_COMPILER_GLOBAL_ACCENT_COLOR_NAME = AccentColor;
				CODE_SIGN_STYLE = Automatic;
				CURRENT_PROJECT_VERSION = 1;
				GENERATE_INFOPLIST_FILE = YES;
				INFOPLIST_FILE = NewsApp/Info.plist;
				INFOPLIST_KEY_UIApplicationSupportsIndirectInputEvents = YES;
				INFOPLIST_KEY_UILaunchStoryboardName = LaunchScreen;
				INFOPLIST_KEY_UIMainStoryboardFile = Main;
				INFOPLIST_KEY_UISupportedInterfaceOrientations_iPad = "UIInterfaceOrientationPortrait UIInterfaceOrientationPortraitUpsideDown UIInterfaceOrientationLandscapeLeft UIInterfaceOrientationLandscapeRight";
				INFOPLIST_KEY_UISupportedInterfaceOrientations_iPhone = "UIInterfaceOrientationPortrait UIInterfaceOrientationLandscapeLeft UIInterfaceOrientationLandscapeRight";
				LD_RUNPATH_SEARCH_PATHS = (
					"$(inherited)",
					"@executable_path/Frameworks",
				);
				MARKETING_VERSION = 1.0;
				PRODUCT_BUNDLE_IDENTIFIER = mahmoudYousef.NewsApp;
				PRODUCT_NAME = "$(TARGET_NAME)";
				SWIFT_EMIT_LOC_STRINGS = YES;
				SWIFT_VERSION = 5.0;
				TARGETED_DEVICE_FAMILY = "1,2";
			};
			name = Release;
		};
/* End XCBuildConfiguration section */

/* Begin XCConfigurationList section */
		48B40403289B830F008E06C9 /* Build configuration list for PBXProject "NewsApp" */ = {
			isa = XCConfigurationList;
			buildConfigurations = (
				48B4041A289B8310008E06C9 /* Debug */,
				48B4041B289B8310008E06C9 /* Release */,
			);
			defaultConfigurationIsVisible = 0;
			defaultConfigurationName = Release;
		};
		48B4041C289B8310008E06C9 /* Build configuration list for PBXNativeTarget "NewsApp" */ = {
			isa = XCConfigurationList;
			buildConfigurations = (
				48B4041D289B8310008E06C9 /* Debug */,
				48B4041E289B8310008E06C9 /* Release */,
			);
			defaultConfigurationIsVisible = 0;
			defaultConfigurationName = Release;
		};
/* End XCConfigurationList section */

/* Begin XCRemoteSwiftPackageReference section */
		48B4041F289B8399008E06C9 /* XCRemoteSwiftPackageReference "realm-swift" */ = {
			isa = XCRemoteSwiftPackageReference;
			repositoryURL = "https://github.com/realm/realm-swift.git";
			requirement = {
				branch = master;
				kind = branch;
			};
		};
/* End XCRemoteSwiftPackageReference section */

/* Begin XCSwiftPackageProductDependency section */
		48B40420289B8399008E06C9 /* Realm */ = {
			isa = XCSwiftPackageProductDependency;
			package = 48B4041F289B8399008E06C9 /* XCRemoteSwiftPackageReference "realm-swift" */;
			productName = Realm;
		};
		48B40422289B8399008E06C9 /* RealmSwift */ = {
			isa = XCSwiftPackageProductDependency;
			package = 48B4041F289B8399008E06C9 /* XCRemoteSwiftPackageReference "realm-swift" */;
			productName = RealmSwift;
		};
/* End XCSwiftPackageProductDependency section */
	};
	rootObject = 48B40400289B830F008E06C9 /* Project object */;
}
